
Microsoft Visual Studio Solution File, Format Version 12.00
# Visual Studio Version 17
VisualStudioVersion = 17.14.36623.8
MinimumVisualStudioVersion = 10.0.40219.1
Project("{FAE04EC0-301F-11D3-BF4B-00C04F79EFBC}") = "FoundBoxSG", "FoundBoxSG\FoundBoxSG.csproj", "{0A331D27-0C8C-4207-B5C0-7BAA0F1C3352}"
EndProject
Global
	GlobalSection(SolutionConfigurationPlatforms) = preSolution
		Debug|Any CPU = Debug|Any CPU
		Release|Any CPU = Release|Any CPU
	EndGlobalSection
	GlobalSection(ProjectConfigurationPlatforms) = postSolution
		{0A331D27-0C8C-4207-B5C0-7BAA0F1C3352}.Debug|Any CPU.ActiveCfg = Debug|Any CPU
		{0A331D27-0C8C-4207-B5C0-7BAA0F1C3352}.Debug|Any CPU.Build.0 = Debug|Any CPU
		{0A331D27-0C8C-4207-B5C0-7BAA0F1C3352}.Release|Any CPU.ActiveCfg = Release|Any CPU
		{0A331D27-0C8C-4207-B5C0-7BAA0F1C3352}.Release|Any CPU.Build.0 = Release|Any CPU
	EndGlobalSection
	GlobalSection(SolutionProperties) = preSolution
		HideSolutionNode = FALSE
	EndGlobalSection
	GlobalSection(ExtensibilityGlobals) = postSolution
		SolutionGuid = {16EAC45D-1854-4FB9-899B-05C9EDBE0F38}
	EndGlobalSection
EndGlobal
